
Microsoft Visual Studio Solution File, Format Version 12.00
# Visual Studio Version 17
VisualStudioVersion = 17.8.34309.116
MinimumVisualStudioVersion = 10.0.40219.1
Project("{FAE04EC0-301F-11D3-BF4B-00C04F79EFBC}") = "NimapInfoTechTask", "NimapInfoTechTask\NimapInfoTechTask.csproj", "{5490D0CE-CD29-493D-8C15-474A0455AC86}"
EndProject
Project("{FAE04EC0-301F-11D3-BF4B-00C04F79EFBC}") = "NimapInfotechTaskDAL", "NimapInfotechTaskDAL\NimapInfotechTaskDAL.csproj", "{76AA1CBF-A83C-47FB-9E07-24C6DB813E84}"
EndProject
Project("{FAE04EC0-301F-11D3-BF4B-00C04F79EFBC}") = "NimapInfotechTaskBAL", "NimapInfotechTaskBAL\NimapInfotechTaskBAL.csproj", "{57C8F7CE-6394-42DA-8E03-7AAA3ABC98E7}"
EndProject
Project("{FAE04EC0-301F-11D3-BF4B-00C04F79EFBC}") = "NimapInfotechTaskModel", "NimapInfotechTaskModel\NimapInfotechTaskModel.csproj", "{92856ADD-FC55-41C3-8ED3-45C3BEE892BA}"
EndProject
Global
	GlobalSection(SolutionConfigurationPlatforms) = preSolution
		Debug|Any CPU = Debug|Any CPU
		Release|Any CPU = Release|Any CPU
	EndGlobalSection
	GlobalSection(ProjectConfigurationPlatforms) = postSolution
		{5490D0CE-CD29-493D-8C15-474A0455AC86}.Debug|Any CPU.ActiveCfg = Debug|Any CPU
		{5490D0CE-CD29-493D-8C15-474A0455AC86}.Debug|Any CPU.Build.0 = Debug|Any CPU
		{5490D0CE-CD29-493D-8C15-474A0455AC86}.Release|Any CPU.ActiveCfg = Release|Any CPU
		{5490D0CE-CD29-493D-8C15-474A0455AC86}.Release|Any CPU.Build.0 = Release|Any CPU
		{76AA1CBF-A83C-47FB-9E07-24C6DB813E84}.Debug|Any CPU.ActiveCfg = Debug|Any CPU
		{76AA1CBF-A83C-47FB-9E07-24C6DB813E84}.Debug|Any CPU.Build.0 = Debug|Any CPU
		{76AA1CBF-A83C-47FB-9E07-24C6DB813E84}.Release|Any CPU.ActiveCfg = Release|Any CPU
		{76AA1CBF-A83C-47FB-9E07-24C6DB813E84}.Release|Any CPU.Build.0 = Release|Any CPU
		{57C8F7CE-6394-42DA-8E03-7AAA3ABC98E7}.Debug|Any CPU.ActiveCfg = Debug|Any CPU
		{57C8F7CE-6394-42DA-8E03-7AAA3ABC98E7}.Debug|Any CPU.Build.0 = Debug|Any CPU
		{57C8F7CE-6394-42DA-8E03-7AAA3ABC98E7}.Release|Any CPU.ActiveCfg = Release|Any CPU
		{57C8F7CE-6394-42DA-8E03-7AAA3ABC98E7}.Release|Any CPU.Build.0 = Release|Any CPU
		{92856ADD-FC55-41C3-8ED3-45C3BEE892BA}.Debug|Any CPU.ActiveCfg = Debug|Any CPU
		{92856ADD-FC55-41C3-8ED3-45C3BEE892BA}.Debug|Any CPU.Build.0 = Debug|Any CPU
		{92856ADD-FC55-41C3-8ED3-45C3BEE892BA}.Release|Any CPU.ActiveCfg = Release|Any CPU
		{92856ADD-FC55-41C3-8ED3-45C3BEE892BA}.Release|Any CPU.Build.0 = Release|Any CPU
	EndGlobalSection
	GlobalSection(SolutionProperties) = preSolution
		HideSolutionNode = FALSE
	EndGlobalSection
	GlobalSection(ExtensibilityGlobals) = postSolution
		SolutionGuid = {9E6F6F37-163A-402A-946A-03FDFF4854CF}
	EndGlobalSection
EndGlobal
